
Microsoft Visual Studio Solution File, Format Version 12.00
# Visual Studio Version 17
VisualStudioVersion = 17.7.34202.233
MinimumVisualStudioVersion = 10.0.40219.1
Project("{9A19103F-16F7-4668-BE54-9A1E7A4F7556}") = "FiorelloBack", "FiorelloBack\FiorelloBack.csproj", "{208E0416-53A4-45B2-A4C2-92AE6954057E}"
EndProject
Global
	GlobalSection(SolutionConfigurationPlatforms) = preSolution
		Debug|Any CPU = Debug|Any CPU
		Release|Any CPU = Release|Any CPU
	EndGlobalSection
	GlobalSection(ProjectConfigurationPlatforms) = postSolution
		{208E0416-53A4-45B2-A4C2-92AE6954057E}.Debug|Any CPU.ActiveCfg = Debug|Any CPU
		{208E0416-53A4-45B2-A4C2-92AE6954057E}.Debug|Any CPU.Build.0 = Debug|Any CPU
		{208E0416-53A4-45B2-A4C2-92AE6954057E}.Release|Any CPU.ActiveCfg = Release|Any CPU
		{208E0416-53A4-45B2-A4C2-92AE6954057E}.Release|Any CPU.Build.0 = Release|Any CPU
	EndGlobalSection
	GlobalSection(SolutionProperties) = preSolution
		HideSolutionNode = FALSE
	EndGlobalSection
	GlobalSection(ExtensibilityGlobals) = postSolution
		SolutionGuid = {46BEBD3F-3EDD-4B60-96F3-2A7535967D87}
	EndGlobalSection
EndGlobal
